
Microsoft Visual Studio Solution File, Format Version 12.00
# Visual Studio 15
VisualStudioVersion = 15.0.28307.329
MinimumVisualStudioVersion = 10.0.40219.1
Project("{FAE04EC0-301F-11D3-BF4B-00C04F79EFBC}") = "ServiceBusDemo", "ServiceBusDemo\ServiceBusDemo.csproj", "{F9B10ABF-6B05-489E-BB68-AFF2AFE1DC05}"
EndProject
Project("{FAE04EC0-301F-11D3-BF4B-00C04F79EFBC}") = "ClientBus", "ClientBus\ClientBus.csproj", "{9C518539-2638-44EC-8B37-29D250897E72}"
EndProject
Global
	GlobalSection(SolutionConfigurationPlatforms) = preSolution
		Debug|Any CPU = Debug|Any CPU
		Release|Any CPU = Release|Any CPU
	EndGlobalSection
	GlobalSection(ProjectConfigurationPlatforms) = postSolution
		{F9B10ABF-6B05-489E-BB68-AFF2AFE1DC05}.Debug|Any CPU.ActiveCfg = Debug|Any CPU
		{F9B10ABF-6B05-489E-BB68-AFF2AFE1DC05}.Debug|Any CPU.Build.0 = Debug|Any CPU
		{F9B10ABF-6B05-489E-BB68-AFF2AFE1DC05}.Release|Any CPU.ActiveCfg = Release|Any CPU
		{F9B10ABF-6B05-489E-BB68-AFF2AFE1DC05}.Release|Any CPU.Build.0 = Release|Any CPU
		{9C518539-2638-44EC-8B37-29D250897E72}.Debug|Any CPU.ActiveCfg = Debug|Any CPU
		{9C518539-2638-44EC-8B37-29D250897E72}.Debug|Any CPU.Build.0 = Debug|Any CPU
		{9C518539-2638-44EC-8B37-29D250897E72}.Release|Any CPU.ActiveCfg = Release|Any CPU
		{9C518539-2638-44EC-8B37-29D250897E72}.Release|Any CPU.Build.0 = Release|Any CPU
	EndGlobalSection
	GlobalSection(SolutionProperties) = preSolution
		HideSolutionNode = FALSE
	EndGlobalSection
	GlobalSection(ExtensibilityGlobals) = postSolution
		SolutionGuid = {51AEB1AE-C153-476D-92D0-A41FA768F997}
	EndGlobalSection
EndGlobal
